
Microsoft Visual Studio Solution File, Format Version 12.00
# Visual Studio Version 17
VisualStudioVersion = 17.13.35825.156 d17.13
MinimumVisualStudioVersion = 10.0.40219.1
Project("{FAE04EC0-301F-11D3-BF4B-00C04F79EFBC}") = "TechShopperWA", "TechShopperWA\TechShopperWA.csproj", "{FCC7641F-F8AF-4146-8473-3F816BB980B2}"
EndProject
Global
	GlobalSection(SolutionConfigurationPlatforms) = preSolution
		Debug|Any CPU = Debug|Any CPU
		Release|Any CPU = Release|Any CPU
	EndGlobalSection
	GlobalSection(ProjectConfigurationPlatforms) = postSolution
		{FCC7641F-F8AF-4146-8473-3F816BB980B2}.Debug|Any CPU.ActiveCfg = Debug|Any CPU
		{FCC7641F-F8AF-4146-8473-3F816BB980B2}.Debug|Any CPU.Build.0 = Debug|Any CPU
		{FCC7641F-F8AF-4146-8473-3F816BB980B2}.Release|Any CPU.ActiveCfg = Release|Any CPU
		{FCC7641F-F8AF-4146-8473-3F816BB980B2}.Release|Any CPU.Build.0 = Release|Any CPU
	EndGlobalSection
	GlobalSection(SolutionProperties) = preSolution
		HideSolutionNode = FALSE
	EndGlobalSection
	GlobalSection(ExtensibilityGlobals) = postSolution
		SolutionGuid = {A16DF844-EC08-4AF1-985C-0A03133C22E7}
	EndGlobalSection
EndGlobal
